// !$*UTF8*$!
{
	archiveVersion = 1;
	classes = {
	};
	objectVersion = 56;
	objects = {

/* Begin PBXBuildFile section */
		35143C0D2A2BA4A8001028FC /* FeedUIIntegrationTests+Assertions.swift in Sources */ = {isa = PBXBuildFile; fileRef = 35143C0C2A2BA4A8001028FC /* FeedUIIntegrationTests+Assertions.swift */; };
		35143C0F2A2BA518001028FC /* UIView+TestHelpers.swift in Sources */ = {isa = PBXBuildFile; fileRef = 35143C0E2A2BA518001028FC /* UIView+TestHelpers.swift */; };
		35143C252A2BC4A5001028FC /* InMemoryFeedStore.swift in Sources */ = {isa = PBXBuildFile; fileRef = 35143C242A2BC4A5001028FC /* InMemoryFeedStore.swift */; };
		35143C272A2BC5AC001028FC /* HTTPClientStub.swift in Sources */ = {isa = PBXBuildFile; fileRef = 35143C262A2BC5AC001028FC /* HTTPClientStub.swift */; };
		352060322A2BF486000F3212 /* CommentsUIComposer.swift in Sources */ = {isa = PBXBuildFile; fileRef = 352060312A2BF486000F3212 /* CommentsUIComposer.swift */; };
		352060342A2BF4A2000F3212 /* CommentsUIIntegrationTests.swift in Sources */ = {isa = PBXBuildFile; fileRef = 352060332A2BF4A2000F3212 /* CommentsUIIntegrationTests.swift */; };
		353AD3E32A0B1BCB00AD6026 /* XCTestCase+MemoryLeakTracking.swift.swift in Sources */ = {isa = PBXBuildFile; fileRef = 353AD3E22A0B1BCB00AD6026 /* XCTestCase+MemoryLeakTracking.swift.swift */; };
		353AD3E52A0B1C0A00AD6026 /* SharedTestHelpers.swift in Sources */ = {isa = PBXBuildFile; fileRef = 353AD3E42A0B1C0A00AD6026 /* SharedTestHelpers.swift */; };
		357FD3632A25526D00A831EF /* SceneDelegateTests.swift in Sources */ = {isa = PBXBuildFile; fileRef = 357FD3622A25526D00A831EF /* SceneDelegateTests.swift */; };
		357FD36A2A2554C100A831EF /* FeedViewAdapter.swift in Sources */ = {isa = PBXBuildFile; fileRef = 357FD3652A2554C100A831EF /* FeedViewAdapter.swift */; };
		357FD36B2A2554C100A831EF /* WeakRefVirtualProxy.swift in Sources */ = {isa = PBXBuildFile; fileRef = 357FD3682A2554C100A831EF /* WeakRefVirtualProxy.swift */; };
		357FD36D2A2554C100A831EF /* FeedUIComposer.swift in Sources */ = {isa = PBXBuildFile; fileRef = 357FD3662A2554C100A831EF /* FeedUIComposer.swift */; };
		357FD36F2A2554C100A831EF /* LoadResourcePresentationAdapter.swift in Sources */ = {isa = PBXBuildFile; fileRef = 357FD3642A2554C000A831EF /* LoadResourcePresentationAdapter.swift */; };
		357FD3792A2554E400A831EF /* UIRefreshControl+TestHelpers.swift in Sources */ = {isa = PBXBuildFile; fileRef = 357FD3702A2554E300A831EF /* UIRefreshControl+TestHelpers.swift */; };
		357FD37A2A2554E400A831EF /* UIControl+TestHelpers.swift in Sources */ = {isa = PBXBuildFile; fileRef = 357FD3782A2554E400A831EF /* UIControl+TestHelpers.swift */; };
		357FD37B2A2554E400A831EF /* ListViewController+TestHelpers.swift in Sources */ = {isa = PBXBuildFile; fileRef = 357FD3772A2554E300A831EF /* ListViewController+TestHelpers.swift */; };
		357FD37D2A2554E400A831EF /* UIImage+TestHelpers.swift in Sources */ = {isa = PBXBuildFile; fileRef = 357FD3712A2554E300A831EF /* UIImage+TestHelpers.swift */; };
		357FD37F2A2554E400A831EF /* UIButton+TestHelpers.swift in Sources */ = {isa = PBXBuildFile; fileRef = 357FD3722A2554E300A831EF /* UIButton+TestHelpers.swift */; };
		357FD3802A2554E400A831EF /* FeedImageCell+TestHelpers.swift in Sources */ = {isa = PBXBuildFile; fileRef = 357FD3762A2554E300A831EF /* FeedImageCell+TestHelpers.swift */; };
		357FD3812A2554E400A831EF /* FeedViewControllerTests+LoaderSpy.swift in Sources */ = {isa = PBXBuildFile; fileRef = 357FD3732A2554E300A831EF /* FeedViewControllerTests+LoaderSpy.swift */; };
		357FD3852A2557B600A831EF /* FeedAcceptanceTests.swift in Sources */ = {isa = PBXBuildFile; fileRef = 357FD3842A2557B600A831EF /* FeedAcceptanceTests.swift */; };
		35B339232A06C8CC00E69B22 /* AppDelegate.swift in Sources */ = {isa = PBXBuildFile; fileRef = 35B339222A06C8CC00E69B22 /* AppDelegate.swift */; };
		35B339252A06C8CC00E69B22 /* SceneDelegate.swift in Sources */ = {isa = PBXBuildFile; fileRef = 35B339242A06C8CC00E69B22 /* SceneDelegate.swift */; };
		35B3392C2A06C8CF00E69B22 /* Assets.xcassets in Resources */ = {isa = PBXBuildFile; fileRef = 35B3392B2A06C8CF00E69B22 /* Assets.xcassets */; };
		35B3392F2A06C8CF00E69B22 /* LaunchScreen.storyboard in Resources */ = {isa = PBXBuildFile; fileRef = 35B3392D2A06C8CF00E69B22 /* LaunchScreen.storyboard */; };
		35B339552A06CB0D00E69B22 /* EssentialFeed.framework in Frameworks */ = {isa = PBXBuildFile; fileRef = 35B339532A06CB0D00E69B22 /* EssentialFeed.framework */; };
		35B339562A06CB0D00E69B22 /* EssentialFeed.framework in Embed Frameworks */ = {isa = PBXBuildFile; fileRef = 35B339532A06CB0D00E69B22 /* EssentialFeed.framework */; settings = {ATTRIBUTES = (CodeSignOnCopy, RemoveHeadersOnCopy, ); }; };
		35B339572A06CB0D00E69B22 /* EssentialFeediOS.framework in Frameworks */ = {isa = PBXBuildFile; fileRef = 35B339542A06CB0D00E69B22 /* EssentialFeediOS.framework */; };
		35B339582A06CB0D00E69B22 /* EssentialFeediOS.framework in Embed Frameworks */ = {isa = PBXBuildFile; fileRef = 35B339542A06CB0D00E69B22 /* EssentialFeediOS.framework */; settings = {ATTRIBUTES = (CodeSignOnCopy, RemoveHeadersOnCopy, ); }; };
		35E7D0512A2A5F5B00BDDD5D /* CombineHelpers.swift in Sources */ = {isa = PBXBuildFile; fileRef = 35E7D0502A2A5F5B00BDDD5D /* CombineHelpers.swift */; };
		35E7D0872A2B8E3500BDDD5D /* FeedUIIntegrationTests.swift in Sources */ = {isa = PBXBuildFile; fileRef = 357FD3822A2556E000A831EF /* FeedUIIntegrationTests.swift */; };
/* End PBXBuildFile section */

/* Begin PBXContainerItemProxy section */
		35B339362A06C8CF00E69B22 /* PBXContainerItemProxy */ = {
			isa = PBXContainerItemProxy;
			containerPortal = 35B339172A06C8CC00E69B22 /* Project object */;
			proxyType = 1;
			remoteGlobalIDString = 35B3391E2A06C8CC00E69B22;
			remoteInfo = EssentialApp;
		};
/* End PBXContainerItemProxy section */

/* Begin PBXCopyFilesBuildPhase section */
		35B339592A06CB0D00E69B22 /* Embed Frameworks */ = {
			isa = PBXCopyFilesBuildPhase;
			buildActionMask = 2147483647;
			dstPath = "";
			dstSubfolderSpec = 10;
			files = (
				35B339562A06CB0D00E69B22 /* EssentialFeed.framework in Embed Frameworks */,
				35B339582A06CB0D00E69B22 /* EssentialFeediOS.framework in Embed Frameworks */,
			);
			name = "Embed Frameworks";
			runOnlyForDeploymentPostprocessing = 0;
		};
/* End PBXCopyFilesBuildPhase section */

/* Begin PBXFileReference section */
		35143C0C2A2BA4A8001028FC /* FeedUIIntegrationTests+Assertions.swift */ = {isa = PBXFileReference; lastKnownFileType = sourcecode.swift; path = "FeedUIIntegrationTests+Assertions.swift"; sourceTree = "<group>"; };
		35143C0E2A2BA518001028FC /* UIView+TestHelpers.swift */ = {isa = PBXFileReference; lastKnownFileType = sourcecode.swift; path = "UIView+TestHelpers.swift"; sourceTree = "<group>"; };
		35143C242A2BC4A5001028FC /* InMemoryFeedStore.swift */ = {isa = PBXFileReference; lastKnownFileType = sourcecode.swift; path = InMemoryFeedStore.swift; sourceTree = "<group>"; };
		35143C262A2BC5AC001028FC /* HTTPClientStub.swift */ = {isa = PBXFileReference; lastKnownFileType = sourcecode.swift; path = HTTPClientStub.swift; sourceTree = "<group>"; };
		352060312A2BF486000F3212 /* CommentsUIComposer.swift */ = {isa = PBXFileReference; lastKnownFileType = sourcecode.swift; path = CommentsUIComposer.swift; sourceTree = "<group>"; };
		352060332A2BF4A2000F3212 /* CommentsUIIntegrationTests.swift */ = {isa = PBXFileReference; lastKnownFileType = sourcecode.swift; path = CommentsUIIntegrationTests.swift; sourceTree = "<group>"; };
		353AD3E22A0B1BCB00AD6026 /* XCTestCase+MemoryLeakTracking.swift.swift */ = {isa = PBXFileReference; lastKnownFileType = sourcecode.swift; path = "XCTestCase+MemoryLeakTracking.swift.swift"; sourceTree = "<group>"; };
		353AD3E42A0B1C0A00AD6026 /* SharedTestHelpers.swift */ = {isa = PBXFileReference; lastKnownFileType = sourcecode.swift; path = SharedTestHelpers.swift; sourceTree = "<group>"; };
		357FD3622A25526D00A831EF /* SceneDelegateTests.swift */ = {isa = PBXFileReference; lastKnownFileType = sourcecode.swift; path = SceneDelegateTests.swift; sourceTree = "<group>"; };
		357FD3642A2554C000A831EF /* LoadResourcePresentationAdapter.swift */ = {isa = PBXFileReference; lastKnownFileType = sourcecode.swift; path = LoadResourcePresentationAdapter.swift; sourceTree = "<group>"; };
		357FD3652A2554C100A831EF /* FeedViewAdapter.swift */ = {isa = PBXFileReference; lastKnownFileType = sourcecode.swift; path = FeedViewAdapter.swift; sourceTree = "<group>"; };
		357FD3662A2554C100A831EF /* FeedUIComposer.swift */ = {isa = PBXFileReference; lastKnownFileType = sourcecode.swift; path = FeedUIComposer.swift; sourceTree = "<group>"; };
		357FD3682A2554C100A831EF /* WeakRefVirtualProxy.swift */ = {isa = PBXFileReference; lastKnownFileType = sourcecode.swift; path = WeakRefVirtualProxy.swift; sourceTree = "<group>"; };
		357FD3702A2554E300A831EF /* UIRefreshControl+TestHelpers.swift */ = {isa = PBXFileReference; lastKnownFileType = sourcecode.swift; path = "UIRefreshControl+TestHelpers.swift"; sourceTree = "<group>"; };
		357FD3712A2554E300A831EF /* UIImage+TestHelpers.swift */ = {isa = PBXFileReference; lastKnownFileType = sourcecode.swift; path = "UIImage+TestHelpers.swift"; sourceTree = "<group>"; };
		357FD3722A2554E300A831EF /* UIButton+TestHelpers.swift */ = {isa = PBXFileReference; lastKnownFileType = sourcecode.swift; path = "UIButton+TestHelpers.swift"; sourceTree = "<group>"; };
		357FD3732A2554E300A831EF /* FeedViewControllerTests+LoaderSpy.swift */ = {isa = PBXFileReference; lastKnownFileType = sourcecode.swift; path = "FeedViewControllerTests+LoaderSpy.swift"; sourceTree = "<group>"; };
		357FD3762A2554E300A831EF /* FeedImageCell+TestHelpers.swift */ = {isa = PBXFileReference; lastKnownFileType = sourcecode.swift; path = "FeedImageCell+TestHelpers.swift"; sourceTree = "<group>"; };
		357FD3772A2554E300A831EF /* ListViewController+TestHelpers.swift */ = {isa = PBXFileReference; lastKnownFileType = sourcecode.swift; path = "ListViewController+TestHelpers.swift"; sourceTree = "<group>"; };
		357FD3782A2554E400A831EF /* UIControl+TestHelpers.swift */ = {isa = PBXFileReference; lastKnownFileType = sourcecode.swift; path = "UIControl+TestHelpers.swift"; sourceTree = "<group>"; };
		357FD3822A2556E000A831EF /* FeedUIIntegrationTests.swift */ = {isa = PBXFileReference; lastKnownFileType = sourcecode.swift; path = FeedUIIntegrationTests.swift; sourceTree = "<group>"; };
		357FD3842A2557B600A831EF /* FeedAcceptanceTests.swift */ = {isa = PBXFileReference; lastKnownFileType = sourcecode.swift; path = FeedAcceptanceTests.swift; sourceTree = "<group>"; };
		35B3391F2A06C8CC00E69B22 /* EssentialApp.app */ = {isa = PBXFileReference; explicitFileType = wrapper.application; includeInIndex = 0; path = EssentialApp.app; sourceTree = BUILT_PRODUCTS_DIR; };
		35B339222A06C8CC00E69B22 /* AppDelegate.swift */ = {isa = PBXFileReference; lastKnownFileType = sourcecode.swift; path = AppDelegate.swift; sourceTree = "<group>"; };
		35B339242A06C8CC00E69B22 /* SceneDelegate.swift */ = {isa = PBXFileReference; lastKnownFileType = sourcecode.swift; path = SceneDelegate.swift; sourceTree = "<group>"; };
		35B3392B2A06C8CF00E69B22 /* Assets.xcassets */ = {isa = PBXFileReference; lastKnownFileType = folder.assetcatalog; path = Assets.xcassets; sourceTree = "<group>"; };
		35B3392E2A06C8CF00E69B22 /* Base */ = {isa = PBXFileReference; lastKnownFileType = file.storyboard; name = Base; path = Base.lproj/LaunchScreen.storyboard; sourceTree = "<group>"; };
		35B339302A06C8CF00E69B22 /* Info.plist */ = {isa = PBXFileReference; lastKnownFileType = text.plist.xml; path = Info.plist; sourceTree = "<group>"; };
		35B339352A06C8CF00E69B22 /* EssentialAppTests.xctest */ = {isa = PBXFileReference; explicitFileType = wrapper.cfbundle; includeInIndex = 0; path = EssentialAppTests.xctest; sourceTree = BUILT_PRODUCTS_DIR; };
		35B339532A06CB0D00E69B22 /* EssentialFeed.framework */ = {isa = PBXFileReference; explicitFileType = wrapper.framework; path = EssentialFeed.framework; sourceTree = BUILT_PRODUCTS_DIR; };
		35B339542A06CB0D00E69B22 /* EssentialFeediOS.framework */ = {isa = PBXFileReference; explicitFileType = wrapper.framework; path = EssentialFeediOS.framework; sourceTree = BUILT_PRODUCTS_DIR; };
		35E7D0502A2A5F5B00BDDD5D /* CombineHelpers.swift */ = {isa = PBXFileReference; lastKnownFileType = sourcecode.swift; path = CombineHelpers.swift; sourceTree = "<group>"; };
/* End PBXFileReference section */

/* Begin PBXFrameworksBuildPhase section */
		35B3391C2A06C8CC00E69B22 /* Frameworks */ = {
			isa = PBXFrameworksBuildPhase;
			buildActionMask = 2147483647;
			files = (
				35B339552A06CB0D00E69B22 /* EssentialFeed.framework in Frameworks */,
				35B339572A06CB0D00E69B22 /* EssentialFeediOS.framework in Frameworks */,
			);
			runOnlyForDeploymentPostprocessing = 0;
		};
		35B339322A06C8CF00E69B22 /* Frameworks */ = {
			isa = PBXFrameworksBuildPhase;
			buildActionMask = 2147483647;
			files = (
			);
			runOnlyForDeploymentPostprocessing = 0;
		};
/* End PBXFrameworksBuildPhase section */

/* Begin PBXGroup section */
		353AD3E12A0B1BC400AD6026 /* Helpers */ = {
			isa = PBXGroup;
			children = (
				357FD3782A2554E400A831EF /* UIControl+TestHelpers.swift */,
				357FD3702A2554E300A831EF /* UIRefreshControl+TestHelpers.swift */,
				357FD3712A2554E300A831EF /* UIImage+TestHelpers.swift */,
				357FD3722A2554E300A831EF /* UIButton+TestHelpers.swift */,
				357FD3772A2554E300A831EF /* ListViewController+TestHelpers.swift */,
				357FD3762A2554E300A831EF /* FeedImageCell+TestHelpers.swift */,
				357FD3732A2554E300A831EF /* FeedViewControllerTests+LoaderSpy.swift */,
				353AD3E22A0B1BCB00AD6026 /* XCTestCase+MemoryLeakTracking.swift.swift */,
				353AD3E42A0B1C0A00AD6026 /* SharedTestHelpers.swift */,
				35143C0C2A2BA4A8001028FC /* FeedUIIntegrationTests+Assertions.swift */,
				35143C0E2A2BA518001028FC /* UIView+TestHelpers.swift */,
				35143C242A2BC4A5001028FC /* InMemoryFeedStore.swift */,
				35143C262A2BC5AC001028FC /* HTTPClientStub.swift */,
			);
			path = Helpers;
			sourceTree = "<group>";
		};
		35B339162A06C8CC00E69B22 = {
			isa = PBXGroup;
			children = (
				35B339212A06C8CC00E69B22 /* EssentialApp */,
				35B339382A06C8CF00E69B22 /* EssentialAppTests */,
				35B339202A06C8CC00E69B22 /* Products */,
				35B339522A06CB0D00E69B22 /* Frameworks */,
			);
			sourceTree = "<group>";
		};
		35B339202A06C8CC00E69B22 /* Products */ = {
			isa = PBXGroup;
			children = (
				35B3391F2A06C8CC00E69B22 /* EssentialApp.app */,
				35B339352A06C8CF00E69B22 /* EssentialAppTests.xctest */,
			);
			name = Products;
			sourceTree = "<group>";
		};
		35B339212A06C8CC00E69B22 /* EssentialApp */ = {
			isa = PBXGroup;
			children = (
				35B339222A06C8CC00E69B22 /* AppDelegate.swift */,
				35B339242A06C8CC00E69B22 /* SceneDelegate.swift */,
				357FD3662A2554C100A831EF /* FeedUIComposer.swift */,
				352060312A2BF486000F3212 /* CommentsUIComposer.swift */,
				35E7D0502A2A5F5B00BDDD5D /* CombineHelpers.swift */,
				357FD3682A2554C100A831EF /* WeakRefVirtualProxy.swift */,
				357FD3652A2554C100A831EF /* FeedViewAdapter.swift */,
				357FD3642A2554C000A831EF /* LoadResourcePresentationAdapter.swift */,
				35B3392B2A06C8CF00E69B22 /* Assets.xcassets */,
				35B3392D2A06C8CF00E69B22 /* LaunchScreen.storyboard */,
				35B339302A06C8CF00E69B22 /* Info.plist */,
			);
			path = EssentialApp;
			sourceTree = "<group>";
		};
		35B339382A06C8CF00E69B22 /* EssentialAppTests */ = {
			isa = PBXGroup;
			children = (
				353AD3E12A0B1BC400AD6026 /* Helpers */,
				357FD3622A25526D00A831EF /* SceneDelegateTests.swift */,
				357FD3822A2556E000A831EF /* FeedUIIntegrationTests.swift */,
				357FD3842A2557B600A831EF /* FeedAcceptanceTests.swift */,
				352060332A2BF4A2000F3212 /* CommentsUIIntegrationTests.swift */,
			);
			path = EssentialAppTests;
			sourceTree = "<group>";
		};
		35B339522A06CB0D00E69B22 /* Frameworks */ = {
			isa = PBXGroup;
			children = (
				35B339532A06CB0D00E69B22 /* EssentialFeed.framework */,
				35B339542A06CB0D00E69B22 /* EssentialFeediOS.framework */,
			);
			name = Frameworks;
			sourceTree = "<group>";
		};
/* End PBXGroup section */

/* Begin PBXNativeTarget section */
		35B3391E2A06C8CC00E69B22 /* EssentialApp */ = {
			isa = PBXNativeTarget;
			buildConfigurationList = 35B339492A06C8CF00E69B22 /* Build configuration list for PBXNativeTarget "EssentialApp" */;
			buildPhases = (
				35B3391B2A06C8CC00E69B22 /* Sources */,
				35B3391C2A06C8CC00E69B22 /* Frameworks */,
				35B3391D2A06C8CC00E69B22 /* Resources */,
				35F406122A2D191600AAF7EC /* ShellScript */,
				35B339592A06CB0D00E69B22 /* Embed Frameworks */,
			);
			buildRules = (
			);
			dependencies = (
			);
			name = EssentialApp;
			productName = EssentialApp;
			productReference = 35B3391F2A06C8CC00E69B22 /* EssentialApp.app */;
			productType = "com.apple.product-type.application";
		};
		35B339342A06C8CF00E69B22 /* EssentialAppTests */ = {
			isa = PBXNativeTarget;
			buildConfigurationList = 35B3394C2A06C8CF00E69B22 /* Build configuration list for PBXNativeTarget "EssentialAppTests" */;
			buildPhases = (
				35B339312A06C8CF00E69B22 /* Sources */,
				35B339322A06C8CF00E69B22 /* Frameworks */,
				35B339332A06C8CF00E69B22 /* Resources */,
			);
			buildRules = (
			);
			dependencies = (
				35B339372A06C8CF00E69B22 /* PBXTargetDependency */,
			);
			name = EssentialAppTests;
			productName = EssentialAppTests;
			productReference = 35B339352A06C8CF00E69B22 /* EssentialAppTests.xctest */;
			productType = "com.apple.product-type.bundle.unit-test";
		};
/* End PBXNativeTarget section */

/* Begin PBXProject section */
		35B339172A06C8CC00E69B22 /* Project object */ = {
			isa = PBXProject;
			attributes = {
				BuildIndependentTargetsInParallel = 1;
				LastSwiftUpdateCheck = 1430;
				LastUpgradeCheck = 1430;
				TargetAttributes = {
					35B3391E2A06C8CC00E69B22 = {
						CreatedOnToolsVersion = 14.3;
					};
					35B339342A06C8CF00E69B22 = {
						CreatedOnToolsVersion = 14.3;
						LastSwiftMigration = 1430;
						TestTargetID = 35B3391E2A06C8CC00E69B22;
					};
				};
			};
			buildConfigurationList = 35B3391A2A06C8CC00E69B22 /* Build configuration list for PBXProject "EssentialApp" */;
			compatibilityVersion = "Xcode 14.0";
			developmentRegion = en;
			hasScannedForEncodings = 0;
			knownRegions = (
				en,
				Base,
			);
			mainGroup = 35B339162A06C8CC00E69B22;
			productRefGroup = 35B339202A06C8CC00E69B22 /* Products */;
			projectDirPath = "";
			projectRoot = "";
			targets = (
				35B3391E2A06C8CC00E69B22 /* EssentialApp */,
				35B339342A06C8CF00E69B22 /* EssentialAppTests */,
			);
		};
/* End PBXProject section */

/* Begin PBXResourcesBuildPhase section */
		35B3391D2A06C8CC00E69B22 /* Resources */ = {
			isa = PBXResourcesBuildPhase;
			buildActionMask = 2147483647;
			files = (
				35B3392F2A06C8CF00E69B22 /* LaunchScreen.storyboard in Resources */,
				35B3392C2A06C8CF00E69B22 /* Assets.xcassets in Resources */,
			);
			runOnlyForDeploymentPostprocessing = 0;
		};
		35B339332A06C8CF00E69B22 /* Resources */ = {
			isa = PBXResourcesBuildPhase;
			buildActionMask = 2147483647;
			files = (
			);
			runOnlyForDeploymentPostprocessing = 0;
		};
/* End PBXResourcesBuildPhase section */

/* Begin PBXShellScriptBuildPhase section */
		35F406122A2D191600AAF7EC /* ShellScript */ = {
			isa = PBXShellScriptBuildPhase;
			buildActionMask = 2147483647;
			files = (
			);
			inputFileListPaths = (
			);
			inputPaths = (
			);
			outputFileListPaths = (
			);
			outputPaths = (
			);
			runOnlyForDeploymentPostprocessing = 0;
			shellPath = /bin/sh;
			shellScript = "echo \"Bump build numer\"\nbuildNumber=$(/usr/libexec/PlistBuddy -c \"Print CFBundleVersion\" \"${PROJECT_DIR}/${INFOPLIST_FILE}\")\nbuildNumber=$(($buildNumber + 1))\n/usr/libexec/PlistBuddy -c \"Set :CFBundleVersion $buildNumber\" \"${PROJECT_DIR}/${INFOPLIST_FILE}\"\n";
		};
/* End PBXShellScriptBuildPhase section */

/* Begin PBXSourcesBuildPhase section */
		35B3391B2A06C8CC00E69B22 /* Sources */ = {
			isa = PBXSourcesBuildPhase;
			buildActionMask = 2147483647;
			files = (
				35E7D0512A2A5F5B00BDDD5D /* CombineHelpers.swift in Sources */,
				357FD36A2A2554C100A831EF /* FeedViewAdapter.swift in Sources */,
				35B339232A06C8CC00E69B22 /* AppDelegate.swift in Sources */,
				35B339252A06C8CC00E69B22 /* SceneDelegate.swift in Sources */,
				357FD36F2A2554C100A831EF /* LoadResourcePresentationAdapter.swift in Sources */,
				357FD36D2A2554C100A831EF /* FeedUIComposer.swift in Sources */,
				357FD36B2A2554C100A831EF /* WeakRefVirtualProxy.swift in Sources */,
				352060322A2BF486000F3212 /* CommentsUIComposer.swift in Sources */,
			);
			runOnlyForDeploymentPostprocessing = 0;
		};
		35B339312A06C8CF00E69B22 /* Sources */ = {
			isa = PBXSourcesBuildPhase;
			buildActionMask = 2147483647;
			files = (
				35143C0F2A2BA518001028FC /* UIView+TestHelpers.swift in Sources */,
				353AD3E52A0B1C0A00AD6026 /* SharedTestHelpers.swift in Sources */,
				352060342A2BF4A2000F3212 /* CommentsUIIntegrationTests.swift in Sources */,
				35143C252A2BC4A5001028FC /* InMemoryFeedStore.swift in Sources */,
				35143C0D2A2BA4A8001028FC /* FeedUIIntegrationTests+Assertions.swift in Sources */,
				357FD3792A2554E400A831EF /* UIRefreshControl+TestHelpers.swift in Sources */,
				357FD3812A2554E400A831EF /* FeedViewControllerTests+LoaderSpy.swift in Sources */,
				35E7D0872A2B8E3500BDDD5D /* FeedUIIntegrationTests.swift in Sources */,
				357FD37D2A2554E400A831EF /* UIImage+TestHelpers.swift in Sources */,
				357FD37F2A2554E400A831EF /* UIButton+TestHelpers.swift in Sources */,
				357FD37A2A2554E400A831EF /* UIControl+TestHelpers.swift in Sources */,
				357FD37B2A2554E400A831EF /* ListViewController+TestHelpers.swift in Sources */,
				357FD3802A2554E400A831EF /* FeedImageCell+TestHelpers.swift in Sources */,
				35143C272A2BC5AC001028FC /* HTTPClientStub.swift in Sources */,
				357FD3632A25526D00A831EF /* SceneDelegateTests.swift in Sources */,
				353AD3E32A0B1BCB00AD6026 /* XCTestCase+MemoryLeakTracking.swift.swift in Sources */,
				357FD3852A2557B600A831EF /* FeedAcceptanceTests.swift in Sources */,
			);
			runOnlyForDeploymentPostprocessing = 0;
		};
/* End PBXSourcesBuildPhase section */

/* Begin PBXTargetDependency section */
		35B339372A06C8CF00E69B22 /* PBXTargetDependency */ = {
			isa = PBXTargetDependency;
			target = 35B3391E2A06C8CC00E69B22 /* EssentialApp */;
			targetProxy = 35B339362A06C8CF00E69B22 /* PBXContainerItemProxy */;
		};
/* End PBXTargetDependency section */

/* Begin PBXVariantGroup section */
		35B3392D2A06C8CF00E69B22 /* LaunchScreen.storyboard */ = {
			isa = PBXVariantGroup;
			children = (
				35B3392E2A06C8CF00E69B22 /* Base */,
			);
			name = LaunchScreen.storyboard;
			sourceTree = "<group>";
		};
/* End PBXVariantGroup section */

/* Begin XCBuildConfiguration section */
		35B339472A06C8CF00E69B22 /* Debug */ = {
			isa = XCBuildConfiguration;
			buildSettings = {
				ALWAYS_SEARCH_USER_PATHS = NO;
				CLANG_ANALYZER_NONNULL = YES;
				CLANG_ANALYZER_NUMBER_OBJECT_CONVERSION = YES_AGGRESSIVE;
				CLANG_CXX_LANGUAGE_STANDARD = "gnu++20";
				CLANG_ENABLE_MODULES = YES;
				CLANG_ENABLE_OBJC_ARC = YES;
				CLANG_ENABLE_OBJC_WEAK = YES;
				CLANG_WARN_BLOCK_CAPTURE_AUTORELEASING = YES;
				CLANG_WARN_BOOL_CONVERSION = YES;
				CLANG_WARN_COMMA = YES;
				CLANG_WARN_CONSTANT_CONVERSION = YES;
				CLANG_WARN_DEPRECATED_OBJC_IMPLEMENTATIONS = YES;
				CLANG_WARN_DIRECT_OBJC_ISA_USAGE = YES_ERROR;
				CLANG_WARN_DOCUMENTATION_COMMENTS = YES;
				CLANG_WARN_EMPTY_BODY = YES;
				CLANG_WARN_ENUM_CONVERSION = YES;
				CLANG_WARN_INFINITE_RECURSION = YES;
				CLANG_WARN_INT_CONVERSION = YES;
				CLANG_WARN_NON_LITERAL_NULL_CONVERSION = YES;
				CLANG_WARN_OBJC_IMPLICIT_RETAIN_SELF = YES;
				CLANG_WARN_OBJC_LITERAL_CONVERSION = YES;
				CLANG_WARN_OBJC_ROOT_CLASS = YES_ERROR;
				CLANG_WARN_QUOTED_INCLUDE_IN_FRAMEWORK_HEADER = YES;
				CLANG_WARN_RANGE_LOOP_ANALYSIS = YES;
				CLANG_WARN_STRICT_PROTOTYPES = YES;
				CLANG_WARN_SUSPICIOUS_MOVE = YES;
				CLANG_WARN_UNGUARDED_AVAILABILITY = YES_AGGRESSIVE;
				CLANG_WARN_UNREACHABLE_CODE = YES;
				CLANG_WARN__DUPLICATE_METHOD_MATCH = YES;
				COPY_PHASE_STRIP = NO;
				DEBUG_INFORMATION_FORMAT = dwarf;
				ENABLE_STRICT_OBJC_MSGSEND = YES;
				ENABLE_TESTABILITY = YES;
				GCC_C_LANGUAGE_STANDARD = gnu11;
				GCC_DYNAMIC_NO_PIC = NO;
				GCC_NO_COMMON_BLOCKS = YES;
				GCC_OPTIMIZATION_LEVEL = 0;
				GCC_PREPROCESSOR_DEFINITIONS = (
					"DEBUG=1",
					"$(inherited)",
				);
				GCC_WARN_64_TO_32_BIT_CONVERSION = YES;
				GCC_WARN_ABOUT_RETURN_TYPE = YES_ERROR;
				GCC_WARN_UNDECLARED_SELECTOR = YES;
				GCC_WARN_UNINITIALIZED_AUTOS = YES_AGGRESSIVE;
				GCC_WARN_UNUSED_FUNCTION = YES;
				GCC_WARN_UNUSED_VARIABLE = YES;
				IPHONEOS_DEPLOYMENT_TARGET = 16.2;
				MTL_ENABLE_DEBUG_INFO = INCLUDE_SOURCE;
				MTL_FAST_MATH = YES;
				ONLY_ACTIVE_ARCH = YES;
				SDKROOT = iphoneos;
				SWIFT_ACTIVE_COMPILATION_CONDITIONS = DEBUG;
				SWIFT_OPTIMIZATION_LEVEL = "-Onone";
			};
			name = Debug;
		};
		35B339482A06C8CF00E69B22 /* Release */ = {
			isa = XCBuildConfiguration;
			buildSettings = {
				ALWAYS_SEARCH_USER_PATHS = NO;
				CLANG_ANALYZER_NONNULL = YES;
				CLANG_ANALYZER_NUMBER_OBJECT_CONVERSION = YES_AGGRESSIVE;
				CLANG_CXX_LANGUAGE_STANDARD = "gnu++20";
				CLANG_ENABLE_MODULES = YES;
				CLANG_ENABLE_OBJC_ARC = YES;
				CLANG_ENABLE_OBJC_WEAK = YES;
				CLANG_WARN_BLOCK_CAPTURE_AUTORELEASING = YES;
				CLANG_WARN_BOOL_CONVERSION = YES;
				CLANG_WARN_COMMA = YES;
				CLANG_WARN_CONSTANT_CONVERSION = YES;
				CLANG_WARN_DEPRECATED_OBJC_IMPLEMENTATIONS = YES;
				CLANG_WARN_DIRECT_OBJC_ISA_USAGE = YES_ERROR;
				CLANG_WARN_DOCUMENTATION_COMMENTS = YES;
				CLANG_WARN_EMPTY_BODY = YES;
				CLANG_WARN_ENUM_CONVERSION = YES;
				CLANG_WARN_INFINITE_RECURSION = YES;
				CLANG_WARN_INT_CONVERSION = YES;
				CLANG_WARN_NON_LITERAL_NULL_CONVERSION = YES;
				CLANG_WARN_OBJC_IMPLICIT_RETAIN_SELF = YES;
				CLANG_WARN_OBJC_LITERAL_CONVERSION = YES;
				CLANG_WARN_OBJC_ROOT_CLASS = YES_ERROR;
				CLANG_WARN_QUOTED_INCLUDE_IN_FRAMEWORK_HEADER = YES;
				CLANG_WARN_RANGE_LOOP_ANALYSIS = YES;
				CLANG_WARN_STRICT_PROTOTYPES = YES;
				CLANG_WARN_SUSPICIOUS_MOVE = YES;
				CLANG_WARN_UNGUARDED_AVAILABILITY = YES_AGGRESSIVE;
				CLANG_WARN_UNREACHABLE_CODE = YES;
				CLANG_WARN__DUPLICATE_METHOD_MATCH = YES;
				COPY_PHASE_STRIP = NO;
				DEBUG_INFORMATION_FORMAT = "dwarf-with-dsym";
				ENABLE_NS_ASSERTIONS = NO;
				ENABLE_STRICT_OBJC_MSGSEND = YES;
				GCC_C_LANGUAGE_STANDARD = gnu11;
				GCC_NO_COMMON_BLOCKS = YES;
				GCC_WARN_64_TO_32_BIT_CONVERSION = YES;
				GCC_WARN_ABOUT_RETURN_TYPE = YES_ERROR;
				GCC_WARN_UNDECLARED_SELECTOR = YES;
				GCC_WARN_UNINITIALIZED_AUTOS = YES_AGGRESSIVE;
				GCC_WARN_UNUSED_FUNCTION = YES;
				GCC_WARN_UNUSED_VARIABLE = YES;
				IPHONEOS_DEPLOYMENT_TARGET = 16.2;
				MTL_ENABLE_DEBUG_INFO = NO;
				MTL_FAST_MATH = YES;
				SDKROOT = iphoneos;
				SWIFT_COMPILATION_MODE = wholemodule;
				SWIFT_OPTIMIZATION_LEVEL = "-O";
				VALIDATE_PRODUCT = YES;
			};
			name = Release;
		};
		35B3394A2A06C8CF00E69B22 /* Debug */ = {
			isa = XCBuildConfiguration;
			buildSettings = {
				ASSETCATALOG_COMPILER_APPICON_NAME = AppIcon;
				ASSETCATALOG_COMPILER_GLOBAL_ACCENT_COLOR_NAME = AccentColor;
				CODE_SIGN_IDENTITY = "Apple Development";
				CODE_SIGN_STYLE = Automatic;
				CURRENT_PROJECT_VERSION = 9;
				DEVELOPMENT_TEAM = Y545S76C5X;
				GENERATE_INFOPLIST_FILE = YES;
				INFOPLIST_FILE = EssentialApp/Info.plist;
				INFOPLIST_KEY_UIApplicationSupportsIndirectInputEvents = YES;
				INFOPLIST_KEY_UILaunchStoryboardName = LaunchScreen;
				INFOPLIST_KEY_UISupportedInterfaceOrientations = UIInterfaceOrientationPortrait;
				IPHONEOS_DEPLOYMENT_TARGET = 16.2;
				LD_RUNPATH_SEARCH_PATHS = (
					"$(inherited)",
					"@executable_path/Frameworks",
				);
				MARKETING_VERSION = 1.0;
				PRODUCT_BUNDLE_IDENTIFIER = com.pawelklapuch.essentialapp;
				PRODUCT_NAME = "$(TARGET_NAME)";
				PROVISIONING_PROFILE_SPECIFIER = "";
				SWIFT_EMIT_LOC_STRINGS = YES;
				SWIFT_VERSION = 5.0;
				TARGETED_DEVICE_FAMILY = "1,2";
				VERSIONING_SYSTEM = "apple-generic";
			};
			name = Debug;
		};
		35B3394B2A06C8CF00E69B22 /* Release */ = {
			isa = XCBuildConfiguration;
			buildSettings = {
				ASSETCATALOG_COMPILER_APPICON_NAME = AppIcon;
				ASSETCATALOG_COMPILER_GLOBAL_ACCENT_COLOR_NAME = AccentColor;
				CODE_SIGN_IDENTITY = "Apple Development";
				"CODE_SIGN_IDENTITY[sdk=iphoneos*]" = "iPhone Distribution";
				CODE_SIGN_STYLE = Manual;
				CURRENT_PROJECT_VERSION = 9;
				DEVELOPMENT_TEAM = "";
				"DEVELOPMENT_TEAM[sdk=iphoneos*]" = Y545S76C5X;
				GENERATE_INFOPLIST_FILE = YES;
				INFOPLIST_FILE = EssentialApp/Info.plist;
				INFOPLIST_KEY_UIApplicationSupportsIndirectInputEvents = YES;
				INFOPLIST_KEY_UILaunchStoryboardName = LaunchScreen;
				INFOPLIST_KEY_UISupportedInterfaceOrientations = UIInterfaceOrientationPortrait;
				IPHONEOS_DEPLOYMENT_TARGET = 16.2;
				LD_RUNPATH_SEARCH_PATHS = (
					"$(inherited)",
					"@executable_path/Frameworks",
				);
				MARKETING_VERSION = 1.0;
				PRODUCT_BUNDLE_IDENTIFIER = com.pawelklapuch.essentialapp;
				PRODUCT_NAME = "$(TARGET_NAME)";
				PROVISIONING_PROFILE_SPECIFIER = "";
				"PROVISIONING_PROFILE_SPECIFIER[sdk=iphoneos*]" = essentialapp_appstore;
				SWIFT_EMIT_LOC_STRINGS = YES;
				SWIFT_VERSION = 5.0;
				TARGETED_DEVICE_FAMILY = "1,2";
				VERSIONING_SYSTEM = "apple-generic";
			};
			name = Release;
		};
		35B3394D2A06C8CF00E69B22 /* Debug */ = {
			isa = XCBuildConfiguration;
			buildSettings = {
				ALWAYS_EMBED_SWIFT_STANDARD_LIBRARIES = YES;
				BUNDLE_LOADER = "$(TEST_HOST)";
				CLANG_ENABLE_MODULES = YES;
				CODE_SIGN_STYLE = Automatic;
				CURRENT_PROJECT_VERSION = 1;
				DEVELOPMENT_TEAM = Y545S76C5X;
				GENERATE_INFOPLIST_FILE = YES;
				IPHONEOS_DEPLOYMENT_TARGET = 16.2;
				MARKETING_VERSION = 1.0;
				PRODUCT_BUNDLE_IDENTIFIER = com.pawelklapuch.EssentialAppTests;
				PRODUCT_NAME = "$(TARGET_NAME)";
				SWIFT_EMIT_LOC_STRINGS = NO;
				SWIFT_OPTIMIZATION_LEVEL = "-Onone";
				SWIFT_VERSION = 5.0;
				TARGETED_DEVICE_FAMILY = "1,2";
				TEST_HOST = "$(BUILT_PRODUCTS_DIR)/EssentialApp.app/$(BUNDLE_EXECUTABLE_FOLDER_PATH)/EssentialApp";
			};
			name = Debug;
		};
		35B3394E2A06C8CF00E69B22 /* Release */ = {
			isa = XCBuildConfiguration;
			buildSettings = {
				ALWAYS_EMBED_SWIFT_STANDARD_LIBRARIES = YES;
				BUNDLE_LOADER = "$(TEST_HOST)";
				CLANG_ENABLE_MODULES = YES;
				CODE_SIGN_STYLE = Automatic;
				CURRENT_PROJECT_VERSION = 1;
				DEVELOPMENT_TEAM = Y545S76C5X;
				GENERATE_INFOPLIST_FILE = YES;
				IPHONEOS_DEPLOYMENT_TARGET = 16.2;
				MARKETING_VERSION = 1.0;
				PRODUCT_BUNDLE_IDENTIFIER = com.pawelklapuch.EssentialAppTests;
				PRODUCT_NAME = "$(TARGET_NAME)";
				SWIFT_EMIT_LOC_STRINGS = NO;
				SWIFT_VERSION = 5.0;
				TARGETED_DEVICE_FAMILY = "1,2";
				TEST_HOST = "$(BUILT_PRODUCTS_DIR)/EssentialApp.app/$(BUNDLE_EXECUTABLE_FOLDER_PATH)/EssentialApp";
			};
			name = Release;
		};
/* End XCBuildConfiguration section */

/* Begin XCConfigurationList section */
		35B3391A2A06C8CC00E69B22 /* Build configuration list for PBXProject "EssentialApp" */ = {
			isa = XCConfigurationList;
			buildConfigurations = (
				35B339472A06C8CF00E69B22 /* Debug */,
				35B339482A06C8CF00E69B22 /* Release */,
			);
			defaultConfigurationIsVisible = 0;
			defaultConfigurationName = Release;
		};
		35B339492A06C8CF00E69B22 /* Build configuration list for PBXNativeTarget "EssentialApp" */ = {
			isa = XCConfigurationList;
			buildConfigurations = (
				35B3394A2A06C8CF00E69B22 /* Debug */,
				35B3394B2A06C8CF00E69B22 /* Release */,
			);
			defaultConfigurationIsVisible = 0;
			defaultConfigurationName = Release;
		};
		35B3394C2A06C8CF00E69B22 /* Build configuration list for PBXNativeTarget "EssentialAppTests" */ = {
			isa = XCConfigurationList;
			buildConfigurations = (
				35B3394D2A06C8CF00E69B22 /* Debug */,
				35B3394E2A06C8CF00E69B22 /* Release */,
			);
			defaultConfigurationIsVisible = 0;
			defaultConfigurationName = Release;
		};
/* End XCConfigurationList section */
	};
	rootObject = 35B339172A06C8CC00E69B22 /* Project object */;
}
